# THIS IS AN AUTOGENERATED FILE. DO NOT EDIT THIS FILE DIRECTLY.
# yarn lockfile v1


web3@^1.0.0-beta.15:
  version "1.0.0-beta2"
  resolved "https://registry.yarnpkg.com/web3/-/web3-1.0.0-beta2.tgz#bde93e2b88c431673f25d81298221a1ec2b1a9ef"

zeppelin-solidity@^1.2.0:
  version "1.4.0"
  resolved "https://registry.yarnpkg.com/zeppelin-solidity/-/zeppelin-solidity-1.4.0.tgz#0b8e0ef219897431a5be47004f78b20e0a2ee34a"
